<?xml version="1.0" encoding="utf-8"?>
<Project ToolsVersion="4.0" xmlns="http://schemas.microsoft.com/developer/msbuild/2003">
  <ItemGroup>
    <Filter Include="Source Files">
      <UniqueIdentifier>{4FC737F1-C7A5-4376-A066-2A32D752A2FF}</UniqueIdentifier>
      <Extensions>cpp;c;cc;cxx;c++;cppm;ixx;def;odl;idl;hpj;bat;asm;asmx</Extensions>
    </Filter>
    <Filter Include="Header Files">
      <UniqueIdentifier>{93995380-89BD-4b04-88EB-625FBE52EBFB}</UniqueIdentifier>
      <Extensions>h;hh;hpp;hxx;h++;hm;inl;inc;ipp;xsd</Extensions>
    </Filter>
    <Filter Include="Resource Files">
      <UniqueIdentifier>{67DA6AB6-F800-4c08-8B7A-83BB121AAD01}</UniqueIdentifier>
      <Extensions>rc;ico;cur;bmp;dlg;rc2;rct;bin;rgs;gif;jpg;jpeg;jpe;resx;tiff;tif;png;wav;mfcribbon-ms</Extensions>
    </Filter>
    <Filter Include="Header Files\Core">
      <UniqueIdentifier>{19d12a42-2941-4ad9-80d2-8620aa9cc721}</UniqueIdentifier>
    </Filter>
    <Filter Include="Header Files\Core\Memory">
      <UniqueIdentifier>{27fef638-68f8-4f20-9231-9bed10fd224e}</UniqueIdentifier>
    </Filter>
    <Filter Include="Header Files\Core\Memory\UnitTests">
      <UniqueIdentifier>{97b823b6-e22f-4f0e-b525-0db5e8fdc9e1}</UniqueIdentifier>
    </Filter>
    <Filter Include="Header Files\Core\Memory\UnitTests\PtrTypeUnitTests">
      <UniqueIdentifier>{c8f0e5e9-b45b-4573-a016-4b0098a72357}</UniqueIdentifier>
    </Filter>
    <Filter Include="Header Files\Testing">
      <UniqueIdentifier>{2edf4daf-63e7-4c4f-bebd-27208f11e7ce}</UniqueIdentifier>
    </Filter>
    <Filter Include="Header Files\Lib">
      <UniqueIdentifier>{3acc8f1a-0f7f-4b0b-8a93-a96f264237d4}</UniqueIdentifier>
    </Filter>
    <Filter Include="Source Files\Testing">
      <UniqueIdentifier>{ff300d90-4441-4c96-bfd3-1c13e6d09d8a}</UniqueIdentifier>
    </Filter>
    <Filter Include="Header Files\Core\DataStructures">
      <UniqueIdentifier>{9b01272e-c9e8-4f0f-b49c-d44ea394f6ff}</UniqueIdentifier>
    </Filter>
    <Filter Include="Source Files\Core">
      <UniqueIdentifier>{fecfd239-48c3-4a37-9ce4-4b9eb09f37da}</UniqueIdentifier>
    </Filter>
    <Filter Include="Source Files\Core\Memory">
      <UniqueIdentifier>{9f8adf59-03f7-4039-b51e-8319799a4d94}</UniqueIdentifier>
    </Filter>
    <Filter Include="Header Files\Platform">
      <UniqueIdentifier>{9334c518-4350-4280-b415-264e8dafabfb}</UniqueIdentifier>
    </Filter>
    <Filter Include="Source Files\Platform">
      <UniqueIdentifier>{3545f24c-115d-418f-86a7-0ce0c5a2bba8}</UniqueIdentifier>
    </Filter>
    <Filter Include="Header Files\Core\Multithreading">
      <UniqueIdentifier>{3271206d-2305-4475-affe-eb65089255e3}</UniqueIdentifier>
    </Filter>
    <Filter Include="Source Files\Platform\Multithreading">
      <UniqueIdentifier>{f630edb1-44b8-4230-a2d3-7e1aaf5feed1}</UniqueIdentifier>
    </Filter>
    <Filter Include="Source Files\Core\Multithreading">
      <UniqueIdentifier>{7af5648f-e8d9-4ab2-8690-33b67ee6f1f2}</UniqueIdentifier>
    </Filter>
    <Filter Include="Header Files\App">
      <UniqueIdentifier>{8c9cab3b-667f-41b4-a920-35a5dc03e93c}</UniqueIdentifier>
    </Filter>
    <Filter Include="Source Files\App">
      <UniqueIdentifier>{12950edb-befc-437b-94f8-15f906201d37}</UniqueIdentifier>
    </Filter>
    <Filter Include="Header Files\App\UnitTests">
      <UniqueIdentifier>{9662ebb5-3bf6-47f4-99c3-fd6a67902277}</UniqueIdentifier>
    </Filter>
    <Filter Include="Header Files\Settings">
      <UniqueIdentifier>{82ff47d8-7f8f-4251-86c2-60ff9a23b493}</UniqueIdentifier>
    </Filter>
    <Filter Include="Source Files\Settings">
      <UniqueIdentifier>{81da1845-7298-4896-8b7c-e85bafcf31dd}</UniqueIdentifier>
    </Filter>
    <Filter Include="Header Files\Core\SettingsSystem">
      <UniqueIdentifier>{7c7de5d6-d48e-4077-948e-8a1adbac6132}</UniqueIdentifier>
    </Filter>
    <Filter Include="Source Files\Core\SettingsSystem">
      <UniqueIdentifier>{8a54ec0d-b665-41f5-8b46-abadfd6b16fd}</UniqueIdentifier>
    </Filter>
    <Filter Include="Header Files\Platform\PlatformSettings">
      <UniqueIdentifier>{65b82cd3-330e-4c8a-a10a-b62534baf16e}</UniqueIdentifier>
    </Filter>
    <Filter Include="Source Files\Platform\PlatformSettings">
      <UniqueIdentifier>{cdee27e5-c2a5-4749-be9c-01439d83bf0c}</UniqueIdentifier>
    </Filter>
    <Filter Include="Header Files\Core\ObjectUtils">
      <UniqueIdentifier>{3941a5aa-4d00-405c-b3e8-a750086cf371}</UniqueIdentifier>
    </Filter>
    <Filter Include="Header Files\Core\ConsoleSystem">
      <UniqueIdentifier>{ec9ddbb7-9054-471c-bc33-4e6110489ed7}</UniqueIdentifier>
    </Filter>
    <Filter Include="Source Files\Core\ConsoleSystem">
      <UniqueIdentifier>{08eaa516-6d0e-4cbe-8ef1-7691a7a58d57}</UniqueIdentifier>
    </Filter>
    <Filter Include="Header Files\Math">
      <UniqueIdentifier>{380b73a8-ad4b-4185-9933-e0dbadbd28b0}</UniqueIdentifier>
    </Filter>
    <Filter Include="Source Files\Math">
      <UniqueIdentifier>{29f239e9-118d-4ec0-95d8-3bc3ff20d0a8}</UniqueIdentifier>
    </Filter>
    <Filter Include="Header Files\Rendering">
      <UniqueIdentifier>{323a14b5-5053-4357-862b-fd74a5979eab}</UniqueIdentifier>
    </Filter>
    <Filter Include="Source Files\Rendering">
      <UniqueIdentifier>{c1be2ac6-efff-4072-b554-112b96dff4c3}</UniqueIdentifier>
    </Filter>
    <Filter Include="Header Files\AssetLoading">
      <UniqueIdentifier>{a65a879a-515e-4f40-9e0c-d84534d393c8}</UniqueIdentifier>
    </Filter>
    <Filter Include="Source Files\Core\Serialization">
      <UniqueIdentifier>{73d6fc03-caa7-4ee5-b5a4-db4ecba1bd4d}</UniqueIdentifier>
    </Filter>
    <Filter Include="Header Files\Core\Serialization">
      <UniqueIdentifier>{e290a590-adff-454b-8779-dbc17b7011ae}</UniqueIdentifier>
    </Filter>
    <Filter Include="Header Files\Rendering\PAR">
      <UniqueIdentifier>{2dd319ff-57c1-401b-a42f-7d142be795cb}</UniqueIdentifier>
    </Filter>
    <Filter Include="Source Files\Rendering\PAR">
      <UniqueIdentifier>{aa2ccbc1-0625-4bd6-8ecb-739c7d75c3ad}</UniqueIdentifier>
    </Filter>
    <Filter Include="Source Files\Platform\Rendering">
      <UniqueIdentifier>{cbfb7e44-bd93-403f-95d4-95d8052d715c}</UniqueIdentifier>
    </Filter>
    <Filter Include="Source Files\Platform\Rendering\D3D12">
      <UniqueIdentifier>{c966dc08-d843-4f52-9f14-e87392f8735c}</UniqueIdentifier>
    </Filter>
    <Filter Include="Header Files\Platform\Rendering">
      <UniqueIdentifier>{35317fdb-d581-4276-bda5-18ee278ecd86}</UniqueIdentifier>
    </Filter>
    <Filter Include="Header Files\Platform\Rendering\PCD3DX12">
      <UniqueIdentifier>{9eb1093f-fdb4-40d7-b546-479b8f145ac5}</UniqueIdentifier>
    </Filter>
    <Filter Include="Header Files\Rendering\PAR\Formats">
      <UniqueIdentifier>{093fb774-057c-46f7-b7ee-ca7e76d55de3}</UniqueIdentifier>
    </Filter>
    <Filter Include="Header Files\Rendering\Platform">
      <UniqueIdentifier>{24a751bc-71be-43cd-874f-0828804cc5ef}</UniqueIdentifier>
    </Filter>
  </ItemGroup>
  <ItemGroup>
    <ClInclude Include="Electricity2.h">
      <Filter>Header Files</Filter>
    </ClInclude>
    <ClInclude Include="CoreTypes.h">
      <Filter>Header Files\Core</Filter>
    </ClInclude>
    <ClInclude Include="SharedPtr.h">
      <Filter>Header Files\Core\Memory</Filter>
    </ClInclude>
    <ClInclude Include="UniquePtr.h">
      <Filter>Header Files\Core\Memory</Filter>
    </ClInclude>
    <ClInclude Include="PtrTypeUnitTests.h">
      <Filter>Header Files\Core\Memory\UnitTests\PtrTypeUnitTests</Filter>
    </ClInclude>
    <ClInclude Include="UnitTests.h">
      <Filter>Header Files\Testing</Filter>
    </ClInclude>
    <ClInclude Include="FastDelegate.h">
      <Filter>Header Files\Lib</Filter>
    </ClInclude>
    <ClInclude Include="Heap.h">
      <Filter>Header Files\Core\Memory</Filter>
    </ClInclude>
    <ClInclude Include="LinkedList.h">
      <Filter>Header Files\Core\DataStructures</Filter>
    </ClInclude>
    <ClInclude Include="UnitTests_LinkedList.h">
      <Filter>Header Files\Testing</Filter>
    </ClInclude>
    <ClInclude Include="PlatformMemory.h">
      <Filter>Header Files\Platform</Filter>
    </ClInclude>
    <ClInclude Include="Thread.h">
      <Filter>Header Files\Core\Multithreading</Filter>
    </ClInclude>
    <ClInclude Include="PlatformThread.h">
      <Filter>Header Files\Platform</Filter>
    </ClInclude>
    <ClInclude Include="UnitTests_MemoryHeap.h">
      <Filter>Header Files\Testing</Filter>
    </ClInclude>
    <ClInclude Include="ThreadStart.h">
      <Filter>Header Files\Core\Multithreading</Filter>
    </ClInclude>
    <ClInclude Include="Fiber.h">
      <Filter>Header Files\Core\Multithreading</Filter>
    </ClInclude>
    <ClInclude Include="FiberStart.h">
      <Filter>Header Files\Core\Multithreading</Filter>
    </ClInclude>
    <ClInclude Include="PlatformFiber.h">
      <Filter>Header Files\Platform</Filter>
    </ClInclude>
    <ClInclude Include="PlatformThreadingDefines.h">
      <Filter>Header Files\Platform</Filter>
    </ClInclude>
    <ClInclude Include="CommandLineParser.h">
      <Filter>Header Files\App</Filter>
    </ClInclude>
    <ClInclude Include="UnitTests_CmdLineParser.h">
      <Filter>Header Files\App\UnitTests</Filter>
    </ClInclude>
    <ClInclude Include="DisplaySettings.h">
      <Filter>Header Files\Settings</Filter>
    </ClInclude>
    <ClInclude Include="CoreSystem.h">
      <Filter>Header Files\Core</Filter>
    </ClInclude>
    <ClInclude Include="SettingsSystem.h">
      <Filter>Header Files\Core\SettingsSystem</Filter>
    </ClInclude>
    <ClInclude Include="PlatformDisplaySettings.h">
      <Filter>Header Files\Platform\PlatformSettings</Filter>
    </ClInclude>
    <ClInclude Include="PlatformAppDefines.h">
      <Filter>Header Files\App</Filter>
    </ClInclude>
    <ClInclude Include="App.h">
      <Filter>Header Files\App</Filter>
    </ClInclude>
    <ClInclude Include="CoreEngine.h">
      <Filter>Header Files</Filter>
    </ClInclude>
    <ClInclude Include="CoreTimer.h">
      <Filter>Header Files\Core</Filter>
    </ClInclude>
    <ClInclude Include="PlatformTime.h">
      <Filter>Header Files\Platform</Filter>
    </ClInclude>
    <ClInclude Include="CoreObject.h">
      <Filter>Header Files\Core</Filter>
    </ClInclude>
    <ClInclude Include="PlatformUtils.h">
      <Filter>Header Files\Platform</Filter>
    </ClInclude>
    <ClInclude Include="UUID.h">
      <Filter>Header Files</Filter>
    </ClInclude>
    <ClInclude Include="ConsoleSystem.h">
      <Filter>Header Files\Core\ConsoleSystem</Filter>
    </ClInclude>
    <ClInclude Include="CoreContainers.h">
      <Filter>Header Files\Core</Filter>
    </ClInclude>
    <ClInclude Include="StringUtils.h">
      <Filter>Header Files</Filter>
    </ClInclude>
    <ClInclude Include="UnitTests_StringUtils.h">
      <Filter>Header Files\Testing</Filter>
    </ClInclude>
    <ClInclude Include="Math.h">
      <Filter>Header Files\Math</Filter>
    </ClInclude>
    <ClInclude Include="ETextureChannels.h">
      <Filter>Header Files\Rendering</Filter>
    </ClInclude>
    <ClInclude Include="Vertex.h">
      <Filter>Header Files\Rendering</Filter>
    </ClInclude>
    <ClInclude Include="ChunkHeader.h">
      <Filter>Header Files\Core\Serialization</Filter>
    </ClInclude>
    <ClInclude Include="SerializationSystem.h">
      <Filter>Header Files\Core\Serialization</Filter>
    </ClInclude>
    <ClInclude Include="SimpleMeshLoader.h">
      <Filter>Header Files\Core\Serialization</Filter>
    </ClInclude>
    <ClInclude Include="ISerializable.h">
      <Filter>Header Files\Core\Serialization</Filter>
    </ClInclude>
    <ClInclude Include="TaskQueue.h">
      <Filter>Header Files\Core\Multithreading</Filter>
    </ClInclude>
    <ClInclude Include="MemoryStreamBuf.h">
      <Filter>Header Files\Core\Memory</Filter>
    </ClInclude>
    <ClInclude Include="PAR.h">
      <Filter>Header Files\Rendering\PAR</Filter>
    </ClInclude>
    <ClInclude Include="DXTK\Src\d3dx12.h">
      <Filter>Header Files</Filter>
    </ClInclude>
    <ClInclude Include="DXTK\Src\dds.h">
      <Filter>Header Files</Filter>
    </ClInclude>
    <ClInclude Include="DXTK\Src\pch.h">
      <Filter>Header Files</Filter>
    </ClInclude>
    <ClInclude Include="HashUtils.h">
      <Filter>Header Files</Filter>
    </ClInclude>
    <ClInclude Include="Framework.h">
      <Filter>Header Files</Filter>
    </ClInclude>
    <ClInclude Include="Resource.h">
      <Filter>Header Files</Filter>
    </ClInclude>
    <ClInclude Include="targetver.h">
      <Filter>Header Files</Filter>
    </ClInclude>
    <ClInclude Include="ChronoHelper.h">
      <Filter>Source Files\Rendering\PAR</Filter>
    </ClInclude>
    <ClInclude Include="d3dx12.h">
      <Filter>Header Files\Platform\Rendering\PCD3DX12</Filter>
    </ClInclude>
    <ClInclude Include="D3D12Rendering.h">
      <Filter>Header Files\Platform\Rendering</Filter>
    </ClInclude>
    <ClInclude Include="SwapChain.h">
      <Filter>Header Files\Rendering\PAR</Filter>
    </ClInclude>
    <ClInclude Include="PCD3D12SwapChain.h">
      <Filter>Header Files\Platform\Rendering\PCD3DX12</Filter>
    </ClInclude>
    <ClInclude Include="RenderTargetFormat.h">
      <Filter>Header Files\Rendering\PAR\Formats</Filter>
    </ClInclude>
    <ClInclude Include="VRAMHandle.h">
      <Filter>Header Files\Rendering\PAR</Filter>
    </ClInclude>
    <ClInclude Include="MemUtils.h">
      <Filter>Header Files\Core\Memory</Filter>
    </ClInclude>
    <ClInclude Include="new.h">
      <Filter>Header Files\Core\Memory</Filter>
    </ClInclude>
    <ClInclude Include="PlatformVRAMPool.h">
      <Filter>Source Files\Platform\Rendering</Filter>
    </ClInclude>
    <ClInclude Include="PlatformVRAMPool_PCD3D12.h">
      <Filter>Header Files\Rendering\Platform</Filter>
    </ClInclude>
    <ClInclude Include="VRAMManager.h">
      <Filter>Header Files\Rendering\PAR</Filter>
    </ClInclude>
    <ClInclude Include="VRAMPool.h">
      <Filter>Header Files\Rendering\PAR</Filter>
    </ClInclude>
    <ClInclude Include="StaticInit.h">
      <Filter>Header Files</Filter>
    </ClInclude>
    <ClInclude Include="VertexBuffer.h">
      <Filter>Header Files\Rendering\PAR</Filter>
    </ClInclude>
    <ClInclude Include="VertexFormat.h">
      <Filter>Header Files\Rendering\PAR\Formats</Filter>
    </ClInclude>
    <ClInclude Include="CommandList.h">
      <Filter>Header Files\Rendering\PAR</Filter>
    </ClInclude>
    <ClInclude Include="Command.h">
      <Filter>Header Files\Rendering\PAR</Filter>
    </ClInclude>
  </ItemGroup>
  <ItemGroup>
    <ClCompile Include="Electricity2.cpp">
      <Filter>Source Files</Filter>
    </ClCompile>
    <ClCompile Include="UnitTests.cpp">
      <Filter>Source Files\Testing</Filter>
    </ClCompile>
    <ClCompile Include="Heap.cpp">
      <Filter>Source Files\Core\Memory</Filter>
    </ClCompile>
    <ClCompile Include="PlatformMemory_Windows.cpp">
      <Filter>Source Files\Platform</Filter>
    </ClCompile>
    <ClCompile Include="PlatformThread_Windows.cpp">
      <Filter>Source Files\Platform\Multithreading</Filter>
    </ClCompile>
    <ClCompile Include="Thread.cpp">
      <Filter>Source Files\Core\Multithreading</Filter>
    </ClCompile>
    <ClCompile Include="ThreadStart.cpp">
      <Filter>Source Files\Core\Multithreading</Filter>
    </ClCompile>
    <ClCompile Include="Fiber.cpp">
      <Filter>Source Files\Core\Multithreading</Filter>
    </ClCompile>
    <ClCompile Include="FiberStart.cpp">
      <Filter>Source Files\Core\Multithreading</Filter>
    </ClCompile>
    <ClCompile Include="PlatformFiber_Windows.cpp">
      <Filter>Source Files\Platform\Multithreading</Filter>
    </ClCompile>
    <ClCompile Include="PlatformThreadingDefines_Windows.cpp">
      <Filter>Source Files\Platform\Multithreading</Filter>
    </ClCompile>
    <ClCompile Include="CommandLineParser.cpp">
      <Filter>Source Files\App</Filter>
    </ClCompile>
    <ClCompile Include="DisplaySettings.cpp">
      <Filter>Source Files\Settings</Filter>
    </ClCompile>
    <ClCompile Include="SettingsSystem.cpp">
      <Filter>Source Files\Core\SettingsSystem</Filter>
    </ClCompile>
    <ClCompile Include="PlatformDisplaySettings_Windows.cpp">
      <Filter>Source Files\Platform\PlatformSettings</Filter>
    </ClCompile>
    <ClCompile Include="PlatformAppDefines_Windows.cpp">
      <Filter>Source Files\App</Filter>
    </ClCompile>
    <ClCompile Include="App.cpp">
      <Filter>Source Files\App</Filter>
    </ClCompile>
    <ClCompile Include="CoreEngine.cpp">
      <Filter>Source Files</Filter>
    </ClCompile>
    <ClCompile Include="CoreTimer.cpp">
      <Filter>Source Files\Core</Filter>
    </ClCompile>
    <ClCompile Include="PlatformTime_Windows.cpp">
      <Filter>Source Files\Platform</Filter>
    </ClCompile>
    <ClCompile Include="CoreObject.cpp">
      <Filter>Source Files\Core</Filter>
    </ClCompile>
    <ClCompile Include="UUID.cpp">
      <Filter>Source Files</Filter>
    </ClCompile>
    <ClCompile Include="PlatformUtils_Windows.cpp">
      <Filter>Source Files\Platform</Filter>
    </ClCompile>
    <ClCompile Include="CoreSystem.cpp">
      <Filter>Source Files\Core</Filter>
    </ClCompile>
    <ClCompile Include="ConsoleSystem.cpp">
      <Filter>Source Files\Core\ConsoleSystem</Filter>
    </ClCompile>
    <ClCompile Include="StringUtils.cpp">
      <Filter>Source Files</Filter>
    </ClCompile>
    <ClCompile Include="Vertex.cpp">
      <Filter>Source Files\Rendering</Filter>
    </ClCompile>
    <ClCompile Include="SimpleMeshLoader.cpp">
      <Filter>Source Files</Filter>
    </ClCompile>
    <ClCompile Include="SerializationSystem.cpp">
      <Filter>Source Files\Core\Serialization</Filter>
    </ClCompile>
    <ClCompile Include="ChunkHeader.cpp">
      <Filter>Source Files\Core\Serialization</Filter>
    </ClCompile>
    <ClCompile Include="TaskQueue.cpp">
      <Filter>Source Files\Core\Multithreading</Filter>
    </ClCompile>
    <ClCompile Include="PAR.cpp">
      <Filter>Source Files\Rendering\PAR</Filter>
    </ClCompile>
    <ClCompile Include="D3D12Rendering.cpp">
      <Filter>Source Files\Platform\Rendering\D3D12</Filter>
    </ClCompile>
    <ClCompile Include="DXTK\Src\pch.cpp">
      <Filter>Source Files</Filter>
    </ClCompile>
    <ClCompile Include="SwapChain.cpp">
      <Filter>Source Files\Rendering\PAR</Filter>
    </ClCompile>
    <ClCompile Include="PlatformSwapChain_D3D12.cpp">
      <Filter>Source Files\Platform\Rendering\D3D12</Filter>
    </ClCompile>
    <ClCompile Include="VRAMHandle.cpp">
      <Filter>Source Files\Rendering\PAR</Filter>
    </ClCompile>
    <ClCompile Include="PlatformVRAMPool_PCD3D12.cpp">
      <Filter>Source Files\Platform\Rendering\D3D12</Filter>
    </ClCompile>
    <ClCompile Include="VRAMManager.cpp">
      <Filter>Source Files\Rendering\PAR</Filter>
    </ClCompile>
    <ClCompile Include="VRAMPool.cpp">
      <Filter>Source Files\Rendering\PAR</Filter>
    </ClCompile>
    <ClCompile Include="MemUtils.cpp">
      <Filter>Source Files\Core\Memory</Filter>
    </ClCompile>
  </ItemGroup>
  <ItemGroup>
    <ResourceCompile Include="Electricity2.rc">
      <Filter>Resource Files</Filter>
    </ResourceCompile>
  </ItemGroup>
  <ItemGroup>
    <Image Include="small.ico">
      <Filter>Resource Files</Filter>
    </Image>
    <Image Include="Electricity2.ico">
      <Filter>Resource Files</Filter>
    </Image>
  </ItemGroup>
</Project>